
Microsoft Visual Studio Solution File, Format Version 12.00
# Visual Studio 15
VisualStudioVersion = 15.0.26730.8
MinimumVisualStudioVersion = 10.0.40219.1
Project("{FAE04EC0-301F-11D3-BF4B-00C04F79EFBC}") = "DemoMVC", "DemoMVC\DemoMVC.csproj", "{F80DA0CE-9882-470D-BACE-29368B9628C5}"
EndProject
Project("{FAE04EC0-301F-11D3-BF4B-00C04F79EFBC}") = "DemoMVC.Tests", "DemoMVC.Tests\DemoMVC.Tests.csproj", "{56FAB5CC-8D39-44B5-8860-67D09A8DB2C2}"
EndProject
Global
	GlobalSection(SolutionConfigurationPlatforms) = preSolution
		Debug|Any CPU = Debug|Any CPU
		Release|Any CPU = Release|Any CPU
	EndGlobalSection
	GlobalSection(ProjectConfigurationPlatforms) = postSolution
		{F80DA0CE-9882-470D-BACE-29368B9628C5}.Debug|Any CPU.ActiveCfg = Debug|Any CPU
		{F80DA0CE-9882-470D-BACE-29368B9628C5}.Debug|Any CPU.Build.0 = Debug|Any CPU
		{F80DA0CE-9882-470D-BACE-29368B9628C5}.Release|Any CPU.ActiveCfg = Release|Any CPU
		{F80DA0CE-9882-470D-BACE-29368B9628C5}.Release|Any CPU.Build.0 = Release|Any CPU
		{56FAB5CC-8D39-44B5-8860-67D09A8DB2C2}.Debug|Any CPU.ActiveCfg = Debug|Any CPU
		{56FAB5CC-8D39-44B5-8860-67D09A8DB2C2}.Debug|Any CPU.Build.0 = Debug|Any CPU
		{56FAB5CC-8D39-44B5-8860-67D09A8DB2C2}.Release|Any CPU.ActiveCfg = Release|Any CPU
		{56FAB5CC-8D39-44B5-8860-67D09A8DB2C2}.Release|Any CPU.Build.0 = Release|Any CPU
	EndGlobalSection
	GlobalSection(SolutionProperties) = preSolution
		HideSolutionNode = FALSE
	EndGlobalSection
	GlobalSection(ExtensibilityGlobals) = postSolution
		SolutionGuid = {D7CEDDA0-14EF-4C82-AB33-AEEAA25D6A3D}
	EndGlobalSection
EndGlobal
